
Microsoft Visual Studio Solution File, Format Version 12.00
# Visual Studio Version 17
VisualStudioVersion = 17.14.36202.13 d17.14
MinimumVisualStudioVersion = 10.0.40219.1
Project("{FAE04EC0-301F-11D3-BF4B-00C04F79EFBC}") = "Aquaintly", "Aquaintly\Aquaintly.csproj", "{5CA50CF6-1FA2-4AD0-AC0C-946C89645C29}"
EndProject
Project("{FAE04EC0-301F-11D3-BF4B-00C04F79EFBC}") = "BadgedAccess", "BadgedAccess\BadgedAccess.csproj", "{29399371-6EE6-4EC8-A055-E0025233B634}"
EndProject
Global
	GlobalSection(SolutionConfigurationPlatforms) = preSolution
		Debug|Any CPU = Debug|Any CPU
		Release|Any CPU = Release|Any CPU
	EndGlobalSection
	GlobalSection(ProjectConfigurationPlatforms) = postSolution
		{5CA50CF6-1FA2-4AD0-AC0C-946C89645C29}.Debug|Any CPU.ActiveCfg = Debug|Any CPU
		{5CA50CF6-1FA2-4AD0-AC0C-946C89645C29}.Debug|Any CPU.Build.0 = Debug|Any CPU
		{5CA50CF6-1FA2-4AD0-AC0C-946C89645C29}.Release|Any CPU.ActiveCfg = Release|Any CPU
		{5CA50CF6-1FA2-4AD0-AC0C-946C89645C29}.Release|Any CPU.Build.0 = Release|Any CPU
		{29399371-6EE6-4EC8-A055-E0025233B634}.Debug|Any CPU.ActiveCfg = Debug|Any CPU
		{29399371-6EE6-4EC8-A055-E0025233B634}.Debug|Any CPU.Build.0 = Debug|Any CPU
		{29399371-6EE6-4EC8-A055-E0025233B634}.Release|Any CPU.ActiveCfg = Release|Any CPU
		{29399371-6EE6-4EC8-A055-E0025233B634}.Release|Any CPU.Build.0 = Release|Any CPU
	EndGlobalSection
	GlobalSection(SolutionProperties) = preSolution
		HideSolutionNode = FALSE
	EndGlobalSection
	GlobalSection(ExtensibilityGlobals) = postSolution
		SolutionGuid = {0DB42D5D-28D2-4C0D-B5C6-039ED119B601}
	EndGlobalSection
EndGlobal
